// !$*UTF8*$!
{
	archiveVersion = 1;
	classes = {
	};
	objectVersion = 50;
	objects = {

/* Begin PBXBuildFile section */
		45C420ED24713A940038FD1F /* AppDelegate.swift in Sources */ = {isa = PBXBuildFile; fileRef = 45C420EC24713A940038FD1F /* AppDelegate.swift */; };
		45C420EF24713A940038FD1F /* SceneDelegate.swift in Sources */ = {isa = PBXBuildFile; fileRef = 45C420EE24713A940038FD1F /* SceneDelegate.swift */; };
		45C420F124713A940038FD1F /* ViewController.swift in Sources */ = {isa = PBXBuildFile; fileRef = 45C420F024713A940038FD1F /* ViewController.swift */; };
		45C420F424713A940038FD1F /* Main.storyboard in Resources */ = {isa = PBXBuildFile; fileRef = 45C420F224713A940038FD1F /* Main.storyboard */; };
		45C420F724713A940038FD1F /* Roasters.xcdatamodeld in Sources */ = {isa = PBXBuildFile; fileRef = 45C420F524713A940038FD1F /* Roasters.xcdatamodeld */; };
		45C420F924713A970038FD1F /* Assets.xcassets in Resources */ = {isa = PBXBuildFile; fileRef = 45C420F824713A970038FD1F /* Assets.xcassets */; };
		45C420FC24713A970038FD1F /* LaunchScreen.storyboard in Resources */ = {isa = PBXBuildFile; fileRef = 45C420FA24713A970038FD1F /* LaunchScreen.storyboard */; };
		45C4210724713A970038FD1F /* RoastersTests.swift in Sources */ = {isa = PBXBuildFile; fileRef = 45C4210624713A970038FD1F /* RoastersTests.swift */; };
		45C4211224713A970038FD1F /* RoastersUITests.swift in Sources */ = {isa = PBXBuildFile; fileRef = 45C4211124713A970038FD1F /* RoastersUITests.swift */; };
/* End PBXBuildFile section */

/* Begin PBXContainerItemProxy section */
		45C4210324713A970038FD1F /* PBXContainerItemProxy */ = {
			isa = PBXContainerItemProxy;
			containerPortal = 45C420E124713A940038FD1F /* Project object */;
			proxyType = 1;
			remoteGlobalIDString = 45C420E824713A940038FD1F;
			remoteInfo = Roasters;
		};
		45C4210E24713A970038FD1F /* PBXContainerItemProxy */ = {
			isa = PBXContainerItemProxy;
			containerPortal = 45C420E124713A940038FD1F /* Project object */;
			proxyType = 1;
			remoteGlobalIDString = 45C420E824713A940038FD1F;
			remoteInfo = Roasters;
		};
/* End PBXContainerItemProxy section */

/* Begin PBXFileReference section */
		45C420E924713A940038FD1F /* Roasters.app */ = {isa = PBXFileReference; explicitFileType = wrapper.application; includeInIndex = 0; path = Roasters.app; sourceTree = BUILT_PRODUCTS_DIR; };
		45C420EC24713A940038FD1F /* AppDelegate.swift */ = {isa = PBXFileReference; lastKnownFileType = sourcecode.swift; path = AppDelegate.swift; sourceTree = "<group>"; };
		45C420EE24713A940038FD1F /* SceneDelegate.swift */ = {isa = PBXFileReference; lastKnownFileType = sourcecode.swift; path = SceneDelegate.swift; sourceTree = "<group>"; };
		45C420F024713A940038FD1F /* ViewController.swift */ = {isa = PBXFileReference; lastKnownFileType = sourcecode.swift; path = ViewController.swift; sourceTree = "<group>"; };
		45C420F324713A940038FD1F /* Base */ = {isa = PBXFileReference; lastKnownFileType = file.storyboard; name = Base; path = Base.lproj/Main.storyboard; sourceTree = "<group>"; };
		45C420F624713A940038FD1F /* Roasters.xcdatamodel */ = {isa = PBXFileReference; lastKnownFileType = wrapper.xcdatamodel; path = Roasters.xcdatamodel; sourceTree = "<group>"; };
		45C420F824713A970038FD1F /* Assets.xcassets */ = {isa = PBXFileReference; lastKnownFileType = folder.assetcatalog; path = Assets.xcassets; sourceTree = "<group>"; };
		45C420FB24713A970038FD1F /* Base */ = {isa = PBXFileReference; lastKnownFileType = file.storyboard; name = Base; path = Base.lproj/LaunchScreen.storyboard; sourceTree = "<group>"; };
		45C420FD24713A970038FD1F /* Info.plist */ = {isa = PBXFileReference; lastKnownFileType = text.plist.xml; path = Info.plist; sourceTree = "<group>"; };
		45C4210224713A970038FD1F /* RoastersTests.xctest */ = {isa = PBXFileReference; explicitFileType = wrapper.cfbundle; includeInIndex = 0; path = RoastersTests.xctest; sourceTree = BUILT_PRODUCTS_DIR; };
		45C4210624713A970038FD1F /* RoastersTests.swift */ = {isa = PBXFileReference; lastKnownFileType = sourcecode.swift; path = RoastersTests.swift; sourceTree = "<group>"; };
		45C4210824713A970038FD1F /* Info.plist */ = {isa = PBXFileReference; lastKnownFileType = text.plist.xml; path = Info.plist; sourceTree = "<group>"; };
		45C4210D24713A970038FD1F /* RoastersUITests.xctest */ = {isa = PBXFileReference; explicitFileType = wrapper.cfbundle; includeInIndex = 0; path = RoastersUITests.xctest; sourceTree = BUILT_PRODUCTS_DIR; };
		45C4211124713A970038FD1F /* RoastersUITests.swift */ = {isa = PBXFileReference; lastKnownFileType = sourcecode.swift; path = RoastersUITests.swift; sourceTree = "<group>"; };
		45C4211324713A970038FD1F /* Info.plist */ = {isa = PBXFileReference; lastKnownFileType = text.plist.xml; path = Info.plist; sourceTree = "<group>"; };
/* End PBXFileReference section */

/* Begin PBXFrameworksBuildPhase section */
		45C420E624713A940038FD1F /* Frameworks */ = {
			isa = PBXFrameworksBuildPhase;
			buildActionMask = 2147483647;
			files = (
			);
			runOnlyForDeploymentPostprocessing = 0;
		};
		45C420FF24713A970038FD1F /* Frameworks */ = {
			isa = PBXFrameworksBuildPhase;
			buildActionMask = 2147483647;
			files = (
			);
			runOnlyForDeploymentPostprocessing = 0;
		};
		45C4210A24713A970038FD1F /* Frameworks */ = {
			isa = PBXFrameworksBuildPhase;
			buildActionMask = 2147483647;
			files = (
			);
			runOnlyForDeploymentPostprocessing = 0;
		};
/* End PBXFrameworksBuildPhase section */

/* Begin PBXGroup section */
		45C420E024713A940038FD1F = {
			isa = PBXGroup;
			children = (
				45C420EB24713A940038FD1F /* Roasters */,
				45C4210524713A970038FD1F /* RoastersTests */,
				45C4211024713A970038FD1F /* RoastersUITests */,
				45C420EA24713A940038FD1F /* Products */,
			);
			sourceTree = "<group>";
		};
		45C420EA24713A940038FD1F /* Products */ = {
			isa = PBXGroup;
			children = (
				45C420E924713A940038FD1F /* Roasters.app */,
				45C4210224713A970038FD1F /* RoastersTests.xctest */,
				45C4210D24713A970038FD1F /* RoastersUITests.xctest */,
			);
			name = Products;
			sourceTree = "<group>";
		};
		45C420EB24713A940038FD1F /* Roasters */ = {
			isa = PBXGroup;
			children = (
				45C420EC24713A940038FD1F /* AppDelegate.swift */,
				45C420EE24713A940038FD1F /* SceneDelegate.swift */,
				45C420F024713A940038FD1F /* ViewController.swift */,
				45C420F224713A940038FD1F /* Main.storyboard */,
				45C420F824713A970038FD1F /* Assets.xcassets */,
				45C420FA24713A970038FD1F /* LaunchScreen.storyboard */,
				45C420FD24713A970038FD1F /* Info.plist */,
				45C420F524713A940038FD1F /* Roasters.xcdatamodeld */,
			);
			path = Roasters;
			sourceTree = "<group>";
		};
		45C4210524713A970038FD1F /* RoastersTests */ = {
			isa = PBXGroup;
			children = (
				45C4210624713A970038FD1F /* RoastersTests.swift */,
				45C4210824713A970038FD1F /* Info.plist */,
			);
			path = RoastersTests;
			sourceTree = "<group>";
		};
		45C4211024713A970038FD1F /* RoastersUITests */ = {
			isa = PBXGroup;
			children = (
				45C4211124713A970038FD1F /* RoastersUITests.swift */,
				45C4211324713A970038FD1F /* Info.plist */,
			);
			path = RoastersUITests;
			sourceTree = "<group>";
		};
/* End PBXGroup section */

/* Begin PBXNativeTarget section */
		45C420E824713A940038FD1F /* Roasters */ = {
			isa = PBXNativeTarget;
			buildConfigurationList = 45C4211624713A970038FD1F /* Build configuration list for PBXNativeTarget "Roasters" */;
			buildPhases = (
				45C420E524713A940038FD1F /* Sources */,
				45C420E624713A940038FD1F /* Frameworks */,
				45C420E724713A940038FD1F /* Resources */,
			);
			buildRules = (
			);
			dependencies = (
			);
			name = Roasters;
			productName = Roasters;
			productReference = 45C420E924713A940038FD1F /* Roasters.app */;
			productType = "com.apple.product-type.application";
		};
		45C4210124713A970038FD1F /* RoastersTests */ = {
			isa = PBXNativeTarget;
			buildConfigurationList = 45C4211924713A970038FD1F /* Build configuration list for PBXNativeTarget "RoastersTests" */;
			buildPhases = (
				45C420FE24713A970038FD1F /* Sources */,
				45C420FF24713A970038FD1F /* Frameworks */,
				45C4210024713A970038FD1F /* Resources */,
			);
			buildRules = (
			);
			dependencies = (
				45C4210424713A970038FD1F /* PBXTargetDependency */,
			);
			name = RoastersTests;
			productName = RoastersTests;
			productReference = 45C4210224713A970038FD1F /* RoastersTests.xctest */;
			productType = "com.apple.product-type.bundle.unit-test";
		};
		45C4210C24713A970038FD1F /* RoastersUITests */ = {
			isa = PBXNativeTarget;
			buildConfigurationList = 45C4211C24713A970038FD1F /* Build configuration list for PBXNativeTarget "RoastersUITests" */;
			buildPhases = (
				45C4210924713A970038FD1F /* Sources */,
				45C4210A24713A970038FD1F /* Frameworks */,
				45C4210B24713A970038FD1F /* Resources */,
			);
			buildRules = (
			);
			dependencies = (
				45C4210F24713A970038FD1F /* PBXTargetDependency */,
			);
			name = RoastersUITests;
			productName = RoastersUITests;
			productReference = 45C4210D24713A970038FD1F /* RoastersUITests.xctest */;
			productType = "com.apple.product-type.bundle.ui-testing";
		};
/* End PBXNativeTarget section */

/* Begin PBXProject section */
		45C420E124713A940038FD1F /* Project object */ = {
			isa = PBXProject;
			attributes = {
				LastSwiftUpdateCheck = 1140;
				LastUpgradeCheck = 1140;
				ORGANIZATIONNAME = "Laurent B";
				TargetAttributes = {
					45C420E824713A940038FD1F = {
						CreatedOnToolsVersion = 11.4.1;
					};
					45C4210124713A970038FD1F = {
						CreatedOnToolsVersion = 11.4.1;
						TestTargetID = 45C420E824713A940038FD1F;
					};
					45C4210C24713A970038FD1F = {
						CreatedOnToolsVersion = 11.4.1;
						TestTargetID = 45C420E824713A940038FD1F;
					};
				};
			};
			buildConfigurationList = 45C420E424713A940038FD1F /* Build configuration list for PBXProject "Roasters" */;
			compatibilityVersion = "Xcode 9.3";
			developmentRegion = en;
			hasScannedForEncodings = 0;
			knownRegions = (
				en,
				Base,
			);
			mainGroup = 45C420E024713A940038FD1F;
			productRefGroup = 45C420EA24713A940038FD1F /* Products */;
			projectDirPath = "";
			projectRoot = "";
			targets = (
				45C420E824713A940038FD1F /* Roasters */,
				45C4210124713A970038FD1F /* RoastersTests */,
				45C4210C24713A970038FD1F /* RoastersUITests */,
			);
		};
/* End PBXProject section */

/* Begin PBXResourcesBuildPhase section */
		45C420E724713A940038FD1F /* Resources */ = {
			isa = PBXResourcesBuildPhase;
			buildActionMask = 2147483647;
			files = (
				45C420FC24713A970038FD1F /* LaunchScreen.storyboard in Resources */,
				45C420F924713A970038FD1F /* Assets.xcassets in Resources */,
				45C420F424713A940038FD1F /* Main.storyboard in Resources */,
			);
			runOnlyForDeploymentPostprocessing = 0;
		};
		45C4210024713A970038FD1F /* Resources */ = {
			isa = PBXResourcesBuildPhase;
			buildActionMask = 2147483647;
			files = (
			);
			runOnlyForDeploymentPostprocessing = 0;
		};
		45C4210B24713A970038FD1F /* Resources */ = {
			isa = PBXResourcesBuildPhase;
			buildActionMask = 2147483647;
			files = (
			);
			runOnlyForDeploymentPostprocessing = 0;
		};
/* End PBXResourcesBuildPhase section */

/* Begin PBXSourcesBuildPhase section */
		45C420E524713A940038FD1F /* Sources */ = {
			isa = PBXSourcesBuildPhase;
			buildActionMask = 2147483647;
			files = (
				45C420F724713A940038FD1F /* Roasters.xcdatamodeld in Sources */,
				45C420F124713A940038FD1F /* ViewController.swift in Sources */,
				45C420ED24713A940038FD1F /* AppDelegate.swift in Sources */,
				45C420EF24713A940038FD1F /* SceneDelegate.swift in Sources */,
			);
			runOnlyForDeploymentPostprocessing = 0;
		};
		45C420FE24713A970038FD1F /* Sources */ = {
			isa = PBXSourcesBuildPhase;
			buildActionMask = 2147483647;
			files = (
				45C4210724713A970038FD1F /* RoastersTests.swift in Sources */,
			);
			runOnlyForDeploymentPostprocessing = 0;
		};
		45C4210924713A970038FD1F /* Sources */ = {
			isa = PBXSourcesBuildPhase;
			buildActionMask = 2147483647;
			files = (
				45C4211224713A970038FD1F /* RoastersUITests.swift in Sources */,
			);
			runOnlyForDeploymentPostprocessing = 0;
		};
/* End PBXSourcesBuildPhase section */

/* Begin PBXTargetDependency section */
		45C4210424713A970038FD1F /* PBXTargetDependency */ = {
			isa = PBXTargetDependency;
			target = 45C420E824713A940038FD1F /* Roasters */;
			targetProxy = 45C4210324713A970038FD1F /* PBXContainerItemProxy */;
		};
		45C4210F24713A970038FD1F /* PBXTargetDependency */ = {
			isa = PBXTargetDependency;
			target = 45C420E824713A940038FD1F /* Roasters */;
			targetProxy = 45C4210E24713A970038FD1F /* PBXContainerItemProxy */;
		};
/* End PBXTargetDependency section */

/* Begin PBXVariantGroup section */
		45C420F224713A940038FD1F /* Main.storyboard */ = {
			isa = PBXVariantGroup;
			children = (
				45C420F324713A940038FD1F /* Base */,
			);
			name = Main.storyboard;
			sourceTree = "<group>";
		};
		45C420FA24713A970038FD1F /* LaunchScreen.storyboard */ = {
			isa = PBXVariantGroup;
			children = (
				45C420FB24713A970038FD1F /* Base */,
			);
			name = LaunchScreen.storyboard;
			sourceTree = "<group>";
		};
/* End PBXVariantGroup section */

/* Begin XCBuildConfiguration section */
		45C4211424713A970038FD1F /* Debug */ = {
			isa = XCBuildConfiguration;
			buildSettings = {
				ALWAYS_SEARCH_USER_PATHS = NO;
				CLANG_ANALYZER_NONNULL = YES;
				CLANG_ANALYZER_NUMBER_OBJECT_CONVERSION = YES_AGGRESSIVE;
				CLANG_CXX_LANGUAGE_STANDARD = "gnu++14";
				CLANG_CXX_LIBRARY = "libc++";
				CLANG_ENABLE_MODULES = YES;
				CLANG_ENABLE_OBJC_ARC = YES;
				CLANG_ENABLE_OBJC_WEAK = YES;
				CLANG_WARN_BLOCK_CAPTURE_AUTORELEASING = YES;
				CLANG_WARN_BOOL_CONVERSION = YES;
				CLANG_WARN_COMMA = YES;
				CLANG_WARN_CONSTANT_CONVERSION = YES;
				CLANG_WARN_DEPRECATED_OBJC_IMPLEMENTATIONS = YES;
				CLANG_WARN_DIRECT_OBJC_ISA_USAGE = YES_ERROR;
				CLANG_WARN_DOCUMENTATION_COMMENTS = YES;
				CLANG_WARN_EMPTY_BODY = YES;
				CLANG_WARN_ENUM_CONVERSION = YES;
				CLANG_WARN_INFINITE_RECURSION = YES;
				CLANG_WARN_INT_CONVERSION = YES;
				CLANG_WARN_NON_LITERAL_NULL_CONVERSION = YES;
				CLANG_WARN_OBJC_IMPLICIT_RETAIN_SELF = YES;
				CLANG_WARN_OBJC_LITERAL_CONVERSION = YES;
				CLANG_WARN_OBJC_ROOT_CLASS = YES_ERROR;
				CLANG_WARN_RANGE_LOOP_ANALYSIS = YES;
				CLANG_WARN_STRICT_PROTOTYPES = YES;
				CLANG_WARN_SUSPICIOUS_MOVE = YES;
				CLANG_WARN_UNGUARDED_AVAILABILITY = YES_AGGRESSIVE;
				CLANG_WARN_UNREACHABLE_CODE = YES;
				CLANG_WARN__DUPLICATE_METHOD_MATCH = YES;
				COPY_PHASE_STRIP = NO;
				DEBUG_INFORMATION_FORMAT = dwarf;
				ENABLE_STRICT_OBJC_MSGSEND = YES;
				ENABLE_TESTABILITY = YES;
				GCC_C_LANGUAGE_STANDARD = gnu11;
				GCC_DYNAMIC_NO_PIC = NO;
				GCC_NO_COMMON_BLOCKS = YES;
				GCC_OPTIMIZATION_LEVEL = 0;
				GCC_PREPROCESSOR_DEFINITIONS = (
					"DEBUG=1",
					"$(inherited)",
				);
				GCC_WARN_64_TO_32_BIT_CONVERSION = YES;
				GCC_WARN_ABOUT_RETURN_TYPE = YES_ERROR;
				GCC_WARN_UNDECLARED_SELECTOR = YES;
				GCC_WARN_UNINITIALIZED_AUTOS = YES_AGGRESSIVE;
				GCC_WARN_UNUSED_FUNCTION = YES;
				GCC_WARN_UNUSED_VARIABLE = YES;
				IPHONEOS_DEPLOYMENT_TARGET = 13.4;
				MTL_ENABLE_DEBUG_INFO = INCLUDE_SOURCE;
				MTL_FAST_MATH = YES;
				ONLY_ACTIVE_ARCH = YES;
				SDKROOT = iphoneos;
				SWIFT_ACTIVE_COMPILATION_CONDITIONS = DEBUG;
				SWIFT_OPTIMIZATION_LEVEL = "-Onone";
			};
			name = Debug;
		};
		45C4211524713A970038FD1F /* Release */ = {
			isa = XCBuildConfiguration;
			buildSettings = {
				ALWAYS_SEARCH_USER_PATHS = NO;
				CLANG_ANALYZER_NONNULL = YES;
				CLANG_ANALYZER_NUMBER_OBJECT_CONVERSION = YES_AGGRESSIVE;
				CLANG_CXX_LANGUAGE_STANDARD = "gnu++14";
				CLANG_CXX_LIBRARY = "libc++";
				CLANG_ENABLE_MODULES = YES;
				CLANG_ENABLE_OBJC_ARC = YES;
				CLANG_ENABLE_OBJC_WEAK = YES;
				CLANG_WARN_BLOCK_CAPTURE_AUTORELEASING = YES;
				CLANG_WARN_BOOL_CONVERSION = YES;
				CLANG_WARN_COMMA = YES;
				CLANG_WARN_CONSTANT_CONVERSION = YES;
				CLANG_WARN_DEPRECATED_OBJC_IMPLEMENTATIONS = YES;
				CLANG_WARN_DIRECT_OBJC_ISA_USAGE = YES_ERROR;
				CLANG_WARN_DOCUMENTATION_COMMENTS = YES;
				CLANG_WARN_EMPTY_BODY = YES;
				CLANG_WARN_ENUM_CONVERSION = YES;
				CLANG_WARN_INFINITE_RECURSION = YES;
				CLANG_WARN_INT_CONVERSION = YES;
				CLANG_WARN_NON_LITERAL_NULL_CONVERSION = YES;
				CLANG_WARN_OBJC_IMPLICIT_RETAIN_SELF = YES;
				CLANG_WARN_OBJC_LITERAL_CONVERSION = YES;
				CLANG_WARN_OBJC_ROOT_CLASS = YES_ERROR;
				CLANG_WARN_RANGE_LOOP_ANALYSIS = YES;
				CLANG_WARN_STRICT_PROTOTYPES = YES;
				CLANG_WARN_SUSPICIOUS_MOVE = YES;
				CLANG_WARN_UNGUARDED_AVAILABILITY = YES_AGGRESSIVE;
				CLANG_WARN_UNREACHABLE_CODE = YES;
				CLANG_WARN__DUPLICATE_METHOD_MATCH = YES;
				COPY_PHASE_STRIP = NO;
				DEBUG_INFORMATION_FORMAT = "dwarf-with-dsym";
				ENABLE_NS_ASSERTIONS = NO;
				ENABLE_STRICT_OBJC_MSGSEND = YES;
				GCC_C_LANGUAGE_STANDARD = gnu11;
				GCC_NO_COMMON_BLOCKS = YES;
				GCC_WARN_64_TO_32_BIT_CONVERSION = YES;
				GCC_WARN_ABOUT_RETURN_TYPE = YES_ERROR;
				GCC_WARN_UNDECLARED_SELECTOR = YES;
				GCC_WARN_UNINITIALIZED_AUTOS = YES_AGGRESSIVE;
				GCC_WARN_UNUSED_FUNCTION = YES;
				GCC_WARN_UNUSED_VARIABLE = YES;
				IPHONEOS_DEPLOYMENT_TARGET = 13.4;
				MTL_ENABLE_DEBUG_INFO = NO;
				MTL_FAST_MATH = YES;
				SDKROOT = iphoneos;
				SWIFT_COMPILATION_MODE = wholemodule;
				SWIFT_OPTIMIZATION_LEVEL = "-O";
				VALIDATE_PRODUCT = YES;
			};
			name = Release;
		};
		45C4211724713A970038FD1F /* Debug */ = {
			isa = XCBuildConfiguration;
			buildSettings = {
				ASSETCATALOG_COMPILER_APPICON_NAME = AppIcon;
				CODE_SIGN_STYLE = Automatic;
				DEVELOPMENT_TEAM = GGXD5E6AF8;
				INFOPLIST_FILE = Roasters/Info.plist;
				LD_RUNPATH_SEARCH_PATHS = (
					"$(inherited)",
					"@executable_path/Frameworks",
				);
				PRODUCT_BUNDLE_IDENTIFIER = com.laurentb.Roasters;
				PRODUCT_NAME = "$(TARGET_NAME)";
				SWIFT_VERSION = 5.0;
				TARGETED_DEVICE_FAMILY = "1,2";
			};
			name = Debug;
		};
		45C4211824713A970038FD1F /* Release */ = {
			isa = XCBuildConfiguration;
			buildSettings = {
				ASSETCATALOG_COMPILER_APPICON_NAME = AppIcon;
				CODE_SIGN_STYLE = Automatic;
				DEVELOPMENT_TEAM = GGXD5E6AF8;
				INFOPLIST_FILE = Roasters/Info.plist;
				LD_RUNPATH_SEARCH_PATHS = (
					"$(inherited)",
					"@executable_path/Frameworks",
				);
				PRODUCT_BUNDLE_IDENTIFIER = com.laurentb.Roasters;
				PRODUCT_NAME = "$(TARGET_NAME)";
				SWIFT_VERSION = 5.0;
				TARGETED_DEVICE_FAMILY = "1,2";
			};
			name = Release;
		};
		45C4211A24713A970038FD1F /* Debug */ = {
			isa = XCBuildConfiguration;
			buildSettings = {
				ALWAYS_EMBED_SWIFT_STANDARD_LIBRARIES = YES;
				BUNDLE_LOADER = "$(TEST_HOST)";
				CODE_SIGN_STYLE = Automatic;
				DEVELOPMENT_TEAM = GGXD5E6AF8;
				INFOPLIST_FILE = RoastersTests/Info.plist;
				IPHONEOS_DEPLOYMENT_TARGET = 13.4;
				LD_RUNPATH_SEARCH_PATHS = (
					"$(inherited)",
					"@executable_path/Frameworks",
					"@loader_path/Frameworks",
				);
				PRODUCT_BUNDLE_IDENTIFIER = com.laurentb.RoastersTests;
				PRODUCT_NAME = "$(TARGET_NAME)";
				SWIFT_VERSION = 5.0;
				TARGETED_DEVICE_FAMILY = "1,2";
				TEST_HOST = "$(BUILT_PRODUCTS_DIR)/Roasters.app/Roasters";
			};
			name = Debug;
		};
		45C4211B24713A970038FD1F /* Release */ = {
			isa = XCBuildConfiguration;
			buildSettings = {
				ALWAYS_EMBED_SWIFT_STANDARD_LIBRARIES = YES;
				BUNDLE_LOADER = "$(TEST_HOST)";
				CODE_SIGN_STYLE = Automatic;
				DEVELOPMENT_TEAM = GGXD5E6AF8;
				INFOPLIST_FILE = RoastersTests/Info.plist;
				IPHONEOS_DEPLOYMENT_TARGET = 13.4;
				LD_RUNPATH_SEARCH_PATHS = (
					"$(inherited)",
					"@executable_path/Frameworks",
					"@loader_path/Frameworks",
				);
				PRODUCT_BUNDLE_IDENTIFIER = com.laurentb.RoastersTests;
				PRODUCT_NAME = "$(TARGET_NAME)";
				SWIFT_VERSION = 5.0;
				TARGETED_DEVICE_FAMILY = "1,2";
				TEST_HOST = "$(BUILT_PRODUCTS_DIR)/Roasters.app/Roasters";
			};
			name = Release;
		};
		45C4211D24713A970038FD1F /* Debug */ = {
			isa = XCBuildConfiguration;
			buildSettings = {
				ALWAYS_EMBED_SWIFT_STANDARD_LIBRARIES = YES;
				CODE_SIGN_STYLE = Automatic;
				DEVELOPMENT_TEAM = GGXD5E6AF8;
				INFOPLIST_FILE = RoastersUITests/Info.plist;
				LD_RUNPATH_SEARCH_PATHS = (
					"$(inherited)",
					"@executable_path/Frameworks",
					"@loader_path/Frameworks",
				);
				PRODUCT_BUNDLE_IDENTIFIER = com.laurentb.RoastersUITests;
				PRODUCT_NAME = "$(TARGET_NAME)";
				SWIFT_VERSION = 5.0;
				TARGETED_DEVICE_FAMILY = "1,2";
				TEST_TARGET_NAME = Roasters;
			};
			name = Debug;
		};
		45C4211E24713A970038FD1F /* Release */ = {
			isa = XCBuildConfiguration;
			buildSettings = {
				ALWAYS_EMBED_SWIFT_STANDARD_LIBRARIES = YES;
				CODE_SIGN_STYLE = Automatic;
				DEVELOPMENT_TEAM = GGXD5E6AF8;
				INFOPLIST_FILE = RoastersUITests/Info.plist;
				LD_RUNPATH_SEARCH_PATHS = (
					"$(inherited)",
					"@executable_path/Frameworks",
					"@loader_path/Frameworks",
				);
				PRODUCT_BUNDLE_IDENTIFIER = com.laurentb.RoastersUITests;
				PRODUCT_NAME = "$(TARGET_NAME)";
				SWIFT_VERSION = 5.0;
				TARGETED_DEVICE_FAMILY = "1,2";
				TEST_TARGET_NAME = Roasters;
			};
			name = Release;
		};
/* End XCBuildConfiguration section */

/* Begin XCConfigurationList section */
		45C420E424713A940038FD1F /* Build configuration list for PBXProject "Roasters" */ = {
			isa = XCConfigurationList;
			buildConfigurations = (
				45C4211424713A970038FD1F /* Debug */,
				45C4211524713A970038FD1F /* Release */,
			);
			defaultConfigurationIsVisible = 0;
			defaultConfigurationName = Release;
		};
		45C4211624713A970038FD1F /* Build configuration list for PBXNativeTarget "Roasters" */ = {
			isa = XCConfigurationList;
			buildConfigurations = (
				45C4211724713A970038FD1F /* Debug */,
				45C4211824713A970038FD1F /* Release */,
			);
			defaultConfigurationIsVisible = 0;
			defaultConfigurationName = Release;
		};
		45C4211924713A970038FD1F /* Build configuration list for PBXNativeTarget "RoastersTests" */ = {
			isa = XCConfigurationList;
			buildConfigurations = (
				45C4211A24713A970038FD1F /* Debug */,
				45C4211B24713A970038FD1F /* Release */,
			);
			defaultConfigurationIsVisible = 0;
			defaultConfigurationName = Release;
		};
		45C4211C24713A970038FD1F /* Build configuration list for PBXNativeTarget "RoastersUITests" */ = {
			isa = XCConfigurationList;
			buildConfigurations = (
				45C4211D24713A970038FD1F /* Debug */,
				45C4211E24713A970038FD1F /* Release */,
			);
			defaultConfigurationIsVisible = 0;
			defaultConfigurationName = Release;
		};
/* End XCConfigurationList section */

/* Begin XCVersionGroup section */
		45C420F524713A940038FD1F /* Roasters.xcdatamodeld */ = {
			isa = XCVersionGroup;
			children = (
				45C420F624713A940038FD1F /* Roasters.xcdatamodel */,
			);
			currentVersion = 45C420F624713A940038FD1F /* Roasters.xcdatamodel */;
			path = Roasters.xcdatamodeld;
			sourceTree = "<group>";
			versionGroupType = wrapper.xcdatamodel;
		};
/* End XCVersionGroup section */
	};
	rootObject = 45C420E124713A940038FD1F /* Project object */;
}
